// !$*UTF8*$!
{
	archiveVersion = 1;
	classes = {
	};
	objectVersion = 50;
	objects = {

/* Begin PBXBuildFile section */
		277C815A25C6F0DE00CC110B /* Localizable.strings in Resources */ = {isa = PBXBuildFile; fileRef = 277C815C25C6F0DE00CC110B /* Localizable.strings */; };
		27CF598925C03F8100F83297 /* WMDragView.m in Sources */ = {isa = PBXBuildFile; fileRef = 27CF598725C03F8100F83297 /* WMDragView.m */; };
		27CF599025C0421E00F83297 /* backItemImage_hl@2x.png in Resources */ = {isa = PBXBuildFile; fileRef = 27CF598B25C0421E00F83297 /* backItemImage_hl@2x.png */; };
		27CF599125C0421E00F83297 /* backItemImage@2x.png in Resources */ = {isa = PBXBuildFile; fileRef = 27CF598C25C0421E00F83297 /* backItemImage@2x.png */; };
		27CF599225C0421E00F83297 /* WKWebViewController.m in Sources */ = {isa = PBXBuildFile; fileRef = 27CF598D25C0421E00F83297 /* WKWebViewController.m */; };
		27CF599325C0421E00F83297 /* WKJSPOST.html in Resources */ = {isa = PBXBuildFile; fileRef = 27CF598E25C0421E00F83297 /* WKJSPOST.html */; };
		27CF599925C1943A00F83297 /* CoreTelephony.framework in Frameworks */ = {isa = PBXBuildFile; fileRef = 27CF599825C1943A00F83297 /* CoreTelephony.framework */; };
		27CF59AA25C1945B00F83297 /* LDNetTraceRoute.m in Sources */ = {isa = PBXBuildFile; fileRef = 27CF599D25C1945B00F83297 /* LDNetTraceRoute.m */; };
		27CF59AB25C1945B00F83297 /* LDNetTimer.m in Sources */ = {isa = PBXBuildFile; fileRef = 27CF599E25C1945B00F83297 /* LDNetTimer.m */; };
		27CF59AC25C1945B00F83297 /* LDSimplePing.m in Sources */ = {isa = PBXBuildFile; fileRef = 27CF599F25C1945B00F83297 /* LDSimplePing.m */; };
		27CF59AD25C1945B00F83297 /* LDNetPing.m in Sources */ = {isa = PBXBuildFile; fileRef = 27CF59A225C1945B00F83297 /* LDNetPing.m */; };
		27CF59AE25C1945B00F83297 /* LDNetGetAddress.m in Sources */ = {isa = PBXBuildFile; fileRef = 27CF59A425C1945B00F83297 /* LDNetGetAddress.m */; };
		27CF59AF25C1945B00F83297 /* LDNetDiagnoService.m in Sources */ = {isa = PBXBuildFile; fileRef = 27CF59A525C1945B00F83297 /* LDNetDiagnoService.m */; };
		27CF59B025C1945B00F83297 /* LDNetConnect.m in Sources */ = {isa = PBXBuildFile; fileRef = 27CF59A925C1945B00F83297 /* LDNetConnect.m */; };
		27CF59B225C1953C00F83297 /* libresolv.tbd in Frameworks */ = {isa = PBXBuildFile; fileRef = 27CF59B125C1953C00F83297 /* libresolv.tbd */; };
		27CF59B525C19A6A00F83297 /* BaseNavigationController.m in Sources */ = {isa = PBXBuildFile; fileRef = 27CF59B325C19A6A00F83297 /* BaseNavigationController.m */; };
		27CF59D025C54D7D00F83297 /* BAKit_WebView.bundle in Resources */ = {isa = PBXBuildFile; fileRef = 27CF59B825C54D7D00F83297 /* BAKit_WebView.bundle */; };
		27CF59D125C54D7D00F83297 /* NSObject+BARunTime.m in Sources */ = {isa = PBXBuildFile; fileRef = 27CF59BB25C54D7D00F83297 /* NSObject+BARunTime.m */; };
		27CF59D225C54D7D00F83297 /* UIAlertController+BAKit.m in Sources */ = {isa = PBXBuildFile; fileRef = 27CF59BD25C54D7D00F83297 /* UIAlertController+BAKit.m */; };
		27CF59D325C54D7D00F83297 /* NSMutableAttributedString+BAKit.m in Sources */ = {isa = PBXBuildFile; fileRef = 27CF59C225C54D7D00F83297 /* NSMutableAttributedString+BAKit.m */; };
		27CF59D425C54D7D00F83297 /* BAWebViewController.m in Sources */ = {isa = PBXBuildFile; fileRef = 27CF59C325C54D7D00F83297 /* BAWebViewController.m */; };
		27CF59D525C54D7D00F83297 /* WKWebView+BAKit.m in Sources */ = {isa = PBXBuildFile; fileRef = 27CF59C825C54D7D00F83297 /* WKWebView+BAKit.m */; };
		27CF59D625C54D7D00F83297 /* WeakScriptMessageDelegate.m in Sources */ = {isa = PBXBuildFile; fileRef = 27CF59CB25C54D7D00F83297 /* WeakScriptMessageDelegate.m */; };
		27CF59D725C54D7D00F83297 /* WKWebView+Post.m in Sources */ = {isa = PBXBuildFile; fileRef = 27CF59CD25C54D7D00F83297 /* WKWebView+Post.m */; };
		27CF59D825C54D7D00F83297 /* WKWebView+BAJavaScriptAlert.m in Sources */ = {isa = PBXBuildFile; fileRef = 27CF59CE25C54D7D00F83297 /* WKWebView+BAJavaScriptAlert.m */; };
		404D33B023995F94000E0652 /* AppDelegate.m in Sources */ = {isa = PBXBuildFile; fileRef = 404D33AF23995F94000E0652 /* AppDelegate.m */; };
		404D33B323995F94000E0652 /* NetworkDetectController.m in Sources */ = {isa = PBXBuildFile; fileRef = 404D33B223995F94000E0652 /* NetworkDetectController.m */; };
		404D33B623995F94000E0652 /* Main.storyboard in Resources */ = {isa = PBXBuildFile; fileRef = 404D33B423995F94000E0652 /* Main.storyboard */; };
		404D33B823995F96000E0652 /* Assets.xcassets in Resources */ = {isa = PBXBuildFile; fileRef = 404D33B723995F96000E0652 /* Assets.xcassets */; };
		404D33BB23995F96000E0652 /* LaunchScreen.storyboard in Resources */ = {isa = PBXBuildFile; fileRef = 404D33B923995F96000E0652 /* LaunchScreen.storyboard */; };
		404D33BE23995F96000E0652 /* main.m in Sources */ = {isa = PBXBuildFile; fileRef = 404D33BD23995F96000E0652 /* main.m */; };
/* End PBXBuildFile section */

/* Begin PBXFileReference section */
		277C815B25C6F0DE00CC110B /* en */ = {isa = PBXFileReference; lastKnownFileType = text.plist.strings; name = en; path = en.lproj/Localizable.strings; sourceTree = "<group>"; };
		277C815D25C6F12700CC110B /* zh-Hans */ = {isa = PBXFileReference; lastKnownFileType = text.plist.strings; name = "zh-Hans"; path = "zh-Hans.lproj/Main.strings"; sourceTree = "<group>"; };
		277C815E25C6F12700CC110B /* zh-Hans */ = {isa = PBXFileReference; lastKnownFileType = text.plist.strings; name = "zh-Hans"; path = "zh-Hans.lproj/LaunchScreen.strings"; sourceTree = "<group>"; };
		277C815F25C6F12700CC110B /* zh-Hans */ = {isa = PBXFileReference; lastKnownFileType = text.plist.strings; name = "zh-Hans"; path = "zh-Hans.lproj/Localizable.strings"; sourceTree = "<group>"; };
		277C816025C6F67400CC110B /* en-GB */ = {isa = PBXFileReference; lastKnownFileType = text.plist.strings; name = "en-GB"; path = "en-GB.lproj/Main.strings"; sourceTree = "<group>"; };
		277C816125C6F67400CC110B /* en-GB */ = {isa = PBXFileReference; lastKnownFileType = text.plist.strings; name = "en-GB"; path = "en-GB.lproj/LaunchScreen.strings"; sourceTree = "<group>"; };
		277C816225C6F67400CC110B /* en-GB */ = {isa = PBXFileReference; lastKnownFileType = text.plist.strings; name = "en-GB"; path = "en-GB.lproj/Localizable.strings"; sourceTree = "<group>"; };
		277C816325C6F67C00CC110B /* en-AU */ = {isa = PBXFileReference; lastKnownFileType = text.plist.strings; name = "en-AU"; path = "en-AU.lproj/Main.strings"; sourceTree = "<group>"; };
		277C816425C6F67C00CC110B /* en-AU */ = {isa = PBXFileReference; lastKnownFileType = text.plist.strings; name = "en-AU"; path = "en-AU.lproj/LaunchScreen.strings"; sourceTree = "<group>"; };
		277C816525C6F67C00CC110B /* en-AU */ = {isa = PBXFileReference; lastKnownFileType = text.plist.strings; name = "en-AU"; path = "en-AU.lproj/Localizable.strings"; sourceTree = "<group>"; };
		277C816625C6F68000CC110B /* en-IN */ = {isa = PBXFileReference; lastKnownFileType = text.plist.strings; name = "en-IN"; path = "en-IN.lproj/Main.strings"; sourceTree = "<group>"; };
		277C816725C6F68000CC110B /* en-IN */ = {isa = PBXFileReference; lastKnownFileType = text.plist.strings; name = "en-IN"; path = "en-IN.lproj/LaunchScreen.strings"; sourceTree = "<group>"; };
		277C816825C6F68000CC110B /* en-IN */ = {isa = PBXFileReference; lastKnownFileType = text.plist.strings; name = "en-IN"; path = "en-IN.lproj/Localizable.strings"; sourceTree = "<group>"; };
		27CF598725C03F8100F83297 /* WMDragView.m */ = {isa = PBXFileReference; fileEncoding = 4; lastKnownFileType = sourcecode.c.objc; path = WMDragView.m; sourceTree = "<group>"; };
		27CF598825C03F8100F83297 /* WMDragView.h */ = {isa = PBXFileReference; fileEncoding = 4; lastKnownFileType = sourcecode.c.h; path = WMDragView.h; sourceTree = "<group>"; };
		27CF598B25C0421E00F83297 /* backItemImage_hl@2x.png */ = {isa = PBXFileReference; lastKnownFileType = image.png; path = "backItemImage_hl@2x.png"; sourceTree = "<group>"; };
		27CF598C25C0421E00F83297 /* backItemImage@2x.png */ = {isa = PBXFileReference; lastKnownFileType = image.png; path = "backItemImage@2x.png"; sourceTree = "<group>"; };
		27CF598D25C0421E00F83297 /* WKWebViewController.m */ = {isa = PBXFileReference; fileEncoding = 4; lastKnownFileType = sourcecode.c.objc; path = WKWebViewController.m; sourceTree = "<group>"; };
		27CF598E25C0421E00F83297 /* WKJSPOST.html */ = {isa = PBXFileReference; fileEncoding = 4; lastKnownFileType = text.html; path = WKJSPOST.html; sourceTree = "<group>"; };
		27CF598F25C0421E00F83297 /* WKWebViewController.h */ = {isa = PBXFileReference; fileEncoding = 4; lastKnownFileType = sourcecode.c.h; path = WKWebViewController.h; sourceTree = "<group>"; };
		27CF599825C1943A00F83297 /* CoreTelephony.framework */ = {isa = PBXFileReference; lastKnownFileType = wrapper.framework; name = CoreTelephony.framework; path = System/Library/Frameworks/CoreTelephony.framework; sourceTree = SDKROOT; };
		27CF599B25C1945B00F83297 /* LDNetDiagnoService.h */ = {isa = PBXFileReference; fileEncoding = 4; lastKnownFileType = sourcecode.c.h; path = LDNetDiagnoService.h; sourceTree = "<group>"; };
		27CF599C25C1945B00F83297 /* LDNetGetAddress.h */ = {isa = PBXFileReference; fileEncoding = 4; lastKnownFileType = sourcecode.c.h; path = LDNetGetAddress.h; sourceTree = "<group>"; };
		27CF599D25C1945B00F83297 /* LDNetTraceRoute.m */ = {isa = PBXFileReference; fileEncoding = 4; lastKnownFileType = sourcecode.c.objc; path = LDNetTraceRoute.m; sourceTree = "<group>"; };
		27CF599E25C1945B00F83297 /* LDNetTimer.m */ = {isa = PBXFileReference; fileEncoding = 4; lastKnownFileType = sourcecode.c.objc; path = LDNetTimer.m; sourceTree = "<group>"; };
		27CF599F25C1945B00F83297 /* LDSimplePing.m */ = {isa = PBXFileReference; fileEncoding = 4; lastKnownFileType = sourcecode.c.objc; path = LDSimplePing.m; sourceTree = "<group>"; };
		27CF59A025C1945B00F83297 /* Route.h */ = {isa = PBXFileReference; fileEncoding = 4; lastKnownFileType = sourcecode.c.h; path = Route.h; sourceTree = "<group>"; };
		27CF59A125C1945B00F83297 /* LDNetConnect.h */ = {isa = PBXFileReference; fileEncoding = 4; lastKnownFileType = sourcecode.c.h; path = LDNetConnect.h; sourceTree = "<group>"; };
		27CF59A225C1945B00F83297 /* LDNetPing.m */ = {isa = PBXFileReference; fileEncoding = 4; lastKnownFileType = sourcecode.c.objc; path = LDNetPing.m; sourceTree = "<group>"; };
		27CF59A325C1945B00F83297 /* LDNetTraceRoute.h */ = {isa = PBXFileReference; fileEncoding = 4; lastKnownFileType = sourcecode.c.h; path = LDNetTraceRoute.h; sourceTree = "<group>"; };
		27CF59A425C1945B00F83297 /* LDNetGetAddress.m */ = {isa = PBXFileReference; fileEncoding = 4; lastKnownFileType = sourcecode.c.objc; path = LDNetGetAddress.m; sourceTree = "<group>"; };
		27CF59A525C1945B00F83297 /* LDNetDiagnoService.m */ = {isa = PBXFileReference; fileEncoding = 4; lastKnownFileType = sourcecode.c.objc; path = LDNetDiagnoService.m; sourceTree = "<group>"; };
		27CF59A625C1945B00F83297 /* LDNetTimer.h */ = {isa = PBXFileReference; fileEncoding = 4; lastKnownFileType = sourcecode.c.h; path = LDNetTimer.h; sourceTree = "<group>"; };
		27CF59A725C1945B00F83297 /* LDSimplePing.h */ = {isa = PBXFileReference; fileEncoding = 4; lastKnownFileType = sourcecode.c.h; path = LDSimplePing.h; sourceTree = "<group>"; };
		27CF59A825C1945B00F83297 /* LDNetPing.h */ = {isa = PBXFileReference; fileEncoding = 4; lastKnownFileType = sourcecode.c.h; path = LDNetPing.h; sourceTree = "<group>"; };
		27CF59A925C1945B00F83297 /* LDNetConnect.m */ = {isa = PBXFileReference; fileEncoding = 4; lastKnownFileType = sourcecode.c.objc; path = LDNetConnect.m; sourceTree = "<group>"; };
		27CF59B125C1953C00F83297 /* libresolv.tbd */ = {isa = PBXFileReference; lastKnownFileType = "sourcecode.text-based-dylib-definition"; name = libresolv.tbd; path = usr/lib/libresolv.tbd; sourceTree = SDKROOT; };
		27CF59B325C19A6A00F83297 /* BaseNavigationController.m */ = {isa = PBXFileReference; fileEncoding = 4; lastKnownFileType = sourcecode.c.objc; path = BaseNavigationController.m; sourceTree = "<group>"; };
		27CF59B425C19A6A00F83297 /* BaseNavigationController.h */ = {isa = PBXFileReference; fileEncoding = 4; lastKnownFileType = sourcecode.c.h; path = BaseNavigationController.h; sourceTree = "<group>"; };
		27CF59B625C29F0B00F83297 /* PrefixHeader.pch */ = {isa = PBXFileReference; lastKnownFileType = sourcecode.c.h; path = PrefixHeader.pch; sourceTree = "<group>"; };
		27CF59B825C54D7D00F83297 /* BAKit_WebView.bundle */ = {isa = PBXFileReference; lastKnownFileType = "wrapper.plug-in"; path = BAKit_WebView.bundle; sourceTree = "<group>"; };
		27CF59B925C54D7D00F83297 /* BAWebViewController.h */ = {isa = PBXFileReference; fileEncoding = 4; lastKnownFileType = sourcecode.c.h; path = BAWebViewController.h; sourceTree = "<group>"; };
		27CF59BB25C54D7D00F83297 /* NSObject+BARunTime.m */ = {isa = PBXFileReference; fileEncoding = 4; lastKnownFileType = sourcecode.c.objc; path = "NSObject+BARunTime.m"; sourceTree = "<group>"; };
		27CF59BC25C54D7D00F83297 /* BAKit_ConfigurationDefine.h */ = {isa = PBXFileReference; fileEncoding = 4; lastKnownFileType = sourcecode.c.h; path = BAKit_ConfigurationDefine.h; sourceTree = "<group>"; };
		27CF59BD25C54D7D00F83297 /* UIAlertController+BAKit.m */ = {isa = PBXFileReference; fileEncoding = 4; lastKnownFileType = sourcecode.c.objc; path = "UIAlertController+BAKit.m"; sourceTree = "<group>"; };
		27CF59BE25C54D7D00F83297 /* BAAlertController.h */ = {isa = PBXFileReference; fileEncoding = 4; lastKnownFileType = sourcecode.c.h; path = BAAlertController.h; sourceTree = "<group>"; };
		27CF59BF25C54D7D00F83297 /* NSMutableAttributedString+BAKit.h */ = {isa = PBXFileReference; fileEncoding = 4; lastKnownFileType = sourcecode.c.h; path = "NSMutableAttributedString+BAKit.h"; sourceTree = "<group>"; };
		27CF59C025C54D7D00F83297 /* NSObject+BARunTime.h */ = {isa = PBXFileReference; fileEncoding = 4; lastKnownFileType = sourcecode.c.h; path = "NSObject+BARunTime.h"; sourceTree = "<group>"; };
		27CF59C125C54D7D00F83297 /* UIAlertController+BAKit.h */ = {isa = PBXFileReference; fileEncoding = 4; lastKnownFileType = sourcecode.c.h; path = "UIAlertController+BAKit.h"; sourceTree = "<group>"; };
		27CF59C225C54D7D00F83297 /* NSMutableAttributedString+BAKit.m */ = {isa = PBXFileReference; fileEncoding = 4; lastKnownFileType = sourcecode.c.objc; path = "NSMutableAttributedString+BAKit.m"; sourceTree = "<group>"; };
		27CF59C325C54D7D00F83297 /* BAWebViewController.m */ = {isa = PBXFileReference; fileEncoding = 4; lastKnownFileType = sourcecode.c.objc; path = BAWebViewController.m; sourceTree = "<group>"; };
		27CF59C525C54D7D00F83297 /* WeakScriptMessageDelegate.h */ = {isa = PBXFileReference; fileEncoding = 4; lastKnownFileType = sourcecode.c.h; path = WeakScriptMessageDelegate.h; sourceTree = "<group>"; };
		27CF59C625C54D7D00F83297 /* BAKit_ConfigurationDefine.h */ = {isa = PBXFileReference; fileEncoding = 4; lastKnownFileType = sourcecode.c.h; path = BAKit_ConfigurationDefine.h; sourceTree = "<group>"; };
		27CF59C725C54D7D00F83297 /* WKWebView+Post.h */ = {isa = PBXFileReference; fileEncoding = 4; lastKnownFileType = sourcecode.c.h; path = "WKWebView+Post.h"; sourceTree = "<group>"; };
		27CF59C825C54D7D00F83297 /* WKWebView+BAKit.m */ = {isa = PBXFileReference; fileEncoding = 4; lastKnownFileType = sourcecode.c.objc; path = "WKWebView+BAKit.m"; sourceTree = "<group>"; };
		27CF59C925C54D7D00F83297 /* BAKit_WebView.h */ = {isa = PBXFileReference; fileEncoding = 4; lastKnownFileType = sourcecode.c.h; path = BAKit_WebView.h; sourceTree = "<group>"; };
		27CF59CA25C54D7D00F83297 /* WKWebView+BAJavaScriptAlert.h */ = {isa = PBXFileReference; fileEncoding = 4; lastKnownFileType = sourcecode.c.h; path = "WKWebView+BAJavaScriptAlert.h"; sourceTree = "<group>"; };
		27CF59CB25C54D7D00F83297 /* WeakScriptMessageDelegate.m */ = {isa = PBXFileReference; fileEncoding = 4; lastKnownFileType = sourcecode.c.objc; path = WeakScriptMessageDelegate.m; sourceTree = "<group>"; };
		27CF59CC25C54D7D00F83297 /* WKWebView+BAKit.h */ = {isa = PBXFileReference; fileEncoding = 4; lastKnownFileType = sourcecode.c.h; path = "WKWebView+BAKit.h"; sourceTree = "<group>"; };
		27CF59CD25C54D7D00F83297 /* WKWebView+Post.m */ = {isa = PBXFileReference; fileEncoding = 4; lastKnownFileType = sourcecode.c.objc; path = "WKWebView+Post.m"; sourceTree = "<group>"; };
		27CF59CE25C54D7D00F83297 /* WKWebView+BAJavaScriptAlert.m */ = {isa = PBXFileReference; fileEncoding = 4; lastKnownFileType = sourcecode.c.objc; path = "WKWebView+BAJavaScriptAlert.m"; sourceTree = "<group>"; };
		27CF59CF25C54D7D00F83297 /* BAKit_WebView_Version.h */ = {isa = PBXFileReference; fileEncoding = 4; lastKnownFileType = sourcecode.c.h; path = BAKit_WebView_Version.h; sourceTree = "<group>"; };
		404D33AB23995F94000E0652 /* Sikkimbet.app */ = {isa = PBXFileReference; explicitFileType = wrapper.application; includeInIndex = 0; path = Sikkimbet.app; sourceTree = BUILT_PRODUCTS_DIR; };
		404D33AE23995F94000E0652 /* AppDelegate.h */ = {isa = PBXFileReference; lastKnownFileType = sourcecode.c.h; path = AppDelegate.h; sourceTree = "<group>"; };
		404D33AF23995F94000E0652 /* AppDelegate.m */ = {isa = PBXFileReference; lastKnownFileType = sourcecode.c.objc; path = AppDelegate.m; sourceTree = "<group>"; };
		404D33B123995F94000E0652 /* NetworkDetectController.h */ = {isa = PBXFileReference; lastKnownFileType = sourcecode.c.h; path = NetworkDetectController.h; sourceTree = "<group>"; };
		404D33B223995F94000E0652 /* NetworkDetectController.m */ = {isa = PBXFileReference; lastKnownFileType = sourcecode.c.objc; path = NetworkDetectController.m; sourceTree = "<group>"; };
		404D33B523995F94000E0652 /* Base */ = {isa = PBXFileReference; lastKnownFileType = file.storyboard; name = Base; path = Base.lproj/Main.storyboard; sourceTree = "<group>"; };
		404D33B723995F96000E0652 /* Assets.xcassets */ = {isa = PBXFileReference; lastKnownFileType = folder.assetcatalog; path = Assets.xcassets; sourceTree = "<group>"; };
		404D33BA23995F96000E0652 /* Base */ = {isa = PBXFileReference; lastKnownFileType = file.storyboard; name = Base; path = Base.lproj/LaunchScreen.storyboard; sourceTree = "<group>"; };
		404D33BC23995F96000E0652 /* Info.plist */ = {isa = PBXFileReference; lastKnownFileType = text.plist.xml; path = Info.plist; sourceTree = "<group>"; };
		404D33BD23995F96000E0652 /* main.m */ = {isa = PBXFileReference; lastKnownFileType = sourcecode.c.objc; path = main.m; sourceTree = "<group>"; };
/* End PBXFileReference section */

/* Begin PBXFrameworksBuildPhase section */
		404D33A823995F94000E0652 /* Frameworks */ = {
			isa = PBXFrameworksBuildPhase;
			buildActionMask = 2147483647;
			files = (
				27CF59B225C1953C00F83297 /* libresolv.tbd in Frameworks */,
				27CF599925C1943A00F83297 /* CoreTelephony.framework in Frameworks */,
			);
			runOnlyForDeploymentPostprocessing = 0;
		};
/* End PBXFrameworksBuildPhase section */

/* Begin PBXGroup section */
		27CF598625C03F6700F83297 /* WMDragView */ = {
			isa = PBXGroup;
			children = (
				27CF598825C03F8100F83297 /* WMDragView.h */,
				27CF598725C03F8100F83297 /* WMDragView.m */,
			);
			path = WMDragView;
			sourceTree = "<group>";
		};
		27CF598A25C0421E00F83297 /* WkwebView */ = {
			isa = PBXGroup;
			children = (
				27CF598B25C0421E00F83297 /* backItemImage_hl@2x.png */,
				27CF598C25C0421E00F83297 /* backItemImage@2x.png */,
				27CF598E25C0421E00F83297 /* WKJSPOST.html */,
				27CF598F25C0421E00F83297 /* WKWebViewController.h */,
				27CF598D25C0421E00F83297 /* WKWebViewController.m */,
			);
			path = WkwebView;
			sourceTree = "<group>";
		};
		27CF599725C1943A00F83297 /* Frameworks */ = {
			isa = PBXGroup;
			children = (
				27CF59B125C1953C00F83297 /* libresolv.tbd */,
				27CF599825C1943A00F83297 /* CoreTelephony.framework */,
			);
			name = Frameworks;
			sourceTree = "<group>";
		};
		27CF599A25C1945B00F83297 /* LDNetDiagnoService */ = {
			isa = PBXGroup;
			children = (
				27CF599B25C1945B00F83297 /* LDNetDiagnoService.h */,
				27CF599C25C1945B00F83297 /* LDNetGetAddress.h */,
				27CF599D25C1945B00F83297 /* LDNetTraceRoute.m */,
				27CF599E25C1945B00F83297 /* LDNetTimer.m */,
				27CF599F25C1945B00F83297 /* LDSimplePing.m */,
				27CF59A025C1945B00F83297 /* Route.h */,
				27CF59A125C1945B00F83297 /* LDNetConnect.h */,
				27CF59A225C1945B00F83297 /* LDNetPing.m */,
				27CF59A325C1945B00F83297 /* LDNetTraceRoute.h */,
				27CF59A425C1945B00F83297 /* LDNetGetAddress.m */,
				27CF59A525C1945B00F83297 /* LDNetDiagnoService.m */,
				27CF59A625C1945B00F83297 /* LDNetTimer.h */,
				27CF59A725C1945B00F83297 /* LDSimplePing.h */,
				27CF59A825C1945B00F83297 /* LDNetPing.h */,
				27CF59A925C1945B00F83297 /* LDNetConnect.m */,
			);
			path = LDNetDiagnoService;
			sourceTree = "<group>";
		};
		27CF59B725C54D7D00F83297 /* BAWebViewController */ = {
			isa = PBXGroup;
			children = (
				27CF59B825C54D7D00F83297 /* BAKit_WebView.bundle */,
				27CF59BA25C54D7D00F83297 /* BAAlertController */,
				27CF59B925C54D7D00F83297 /* BAWebViewController.h */,
				27CF59C325C54D7D00F83297 /* BAWebViewController.m */,
			);
			path = BAWebViewController;
			sourceTree = "<group>";
		};
		27CF59BA25C54D7D00F83297 /* BAAlertController */ = {
			isa = PBXGroup;
			children = (
				27CF59BB25C54D7D00F83297 /* NSObject+BARunTime.m */,
				27CF59BC25C54D7D00F83297 /* BAKit_ConfigurationDefine.h */,
				27CF59BD25C54D7D00F83297 /* UIAlertController+BAKit.m */,
				27CF59BE25C54D7D00F83297 /* BAAlertController.h */,
				27CF59BF25C54D7D00F83297 /* NSMutableAttributedString+BAKit.h */,
				27CF59C025C54D7D00F83297 /* NSObject+BARunTime.h */,
				27CF59C125C54D7D00F83297 /* UIAlertController+BAKit.h */,
				27CF59C225C54D7D00F83297 /* NSMutableAttributedString+BAKit.m */,
			);
			path = BAAlertController;
			sourceTree = "<group>";
		};
		27CF59C425C54D7D00F83297 /* BAWKWebView */ = {
			isa = PBXGroup;
			children = (
				27CF59C525C54D7D00F83297 /* WeakScriptMessageDelegate.h */,
				27CF59C625C54D7D00F83297 /* BAKit_ConfigurationDefine.h */,
				27CF59C725C54D7D00F83297 /* WKWebView+Post.h */,
				27CF59C825C54D7D00F83297 /* WKWebView+BAKit.m */,
				27CF59C925C54D7D00F83297 /* BAKit_WebView.h */,
				27CF59CA25C54D7D00F83297 /* WKWebView+BAJavaScriptAlert.h */,
				27CF59CB25C54D7D00F83297 /* WeakScriptMessageDelegate.m */,
				27CF59CC25C54D7D00F83297 /* WKWebView+BAKit.h */,
				27CF59CD25C54D7D00F83297 /* WKWebView+Post.m */,
				27CF59CE25C54D7D00F83297 /* WKWebView+BAJavaScriptAlert.m */,
				27CF59CF25C54D7D00F83297 /* BAKit_WebView_Version.h */,
			);
			path = BAWKWebView;
			sourceTree = "<group>";
		};
		404D33A223995F94000E0652 = {
			isa = PBXGroup;
			children = (
				404D33AD23995F94000E0652 /* AFWKWebView */,
				404D33AC23995F94000E0652 /* Products */,
				27CF599725C1943A00F83297 /* Frameworks */,
			);
			sourceTree = "<group>";
		};
		404D33AC23995F94000E0652 /* Products */ = {
			isa = PBXGroup;
			children = (
				404D33AB23995F94000E0652 /* Sikkimbet.app */,
			);
			name = Products;
			sourceTree = "<group>";
		};
		404D33AD23995F94000E0652 /* AFWKWebView */ = {
			isa = PBXGroup;
			children = (
				27CF59C425C54D7D00F83297 /* BAWKWebView */,
				27CF59B725C54D7D00F83297 /* BAWebViewController */,
				27CF599A25C1945B00F83297 /* LDNetDiagnoService */,
				27CF598A25C0421E00F83297 /* WkwebView */,
				27CF598625C03F6700F83297 /* WMDragView */,
				404D33AE23995F94000E0652 /* AppDelegate.h */,
				404D33AF23995F94000E0652 /* AppDelegate.m */,
				27CF59B425C19A6A00F83297 /* BaseNavigationController.h */,
				27CF59B325C19A6A00F83297 /* BaseNavigationController.m */,
				404D33B123995F94000E0652 /* NetworkDetectController.h */,
				404D33B223995F94000E0652 /* NetworkDetectController.m */,
				27CF59B625C29F0B00F83297 /* PrefixHeader.pch */,
				404D33B423995F94000E0652 /* Main.storyboard */,
				277C815C25C6F0DE00CC110B /* Localizable.strings */,
				404D33B723995F96000E0652 /* Assets.xcassets */,
				404D33B923995F96000E0652 /* LaunchScreen.storyboard */,
				404D33BC23995F96000E0652 /* Info.plist */,
				404D33BD23995F96000E0652 /* main.m */,
			);
			path = AFWKWebView;
			sourceTree = "<group>";
		};
/* End PBXGroup section */

/* Begin PBXNativeTarget section */
		404D33AA23995F94000E0652 /* AFWKWebView */ = {
			isa = PBXNativeTarget;
			buildConfigurationList = 404D33C123995F96000E0652 /* Build configuration list for PBXNativeTarget "AFWKWebView" */;
			buildPhases = (
				404D33A723995F94000E0652 /* Sources */,
				404D33A823995F94000E0652 /* Frameworks */,
				404D33A923995F94000E0652 /* Resources */,
			);
			buildRules = (
			);
			dependencies = (
			);
			name = AFWKWebView;
			productName = AFWKWebView;
			productReference = 404D33AB23995F94000E0652 /* Sikkimbet.app */;
			productType = "com.apple.product-type.application";
		};
/* End PBXNativeTarget section */

/* Begin PBXProject section */
		404D33A323995F94000E0652 /* Project object */ = {
			isa = PBXProject;
			attributes = {
				LastUpgradeCheck = 1030;
				ORGANIZATIONNAME = AFan;
				TargetAttributes = {
					404D33AA23995F94000E0652 = {
						CreatedOnToolsVersion = 10.3;
					};
				};
			};
			buildConfigurationList = 404D33A623995F94000E0652 /* Build configuration list for PBXProject "AFWKWebView" */;
			compatibilityVersion = "Xcode 9.3";
			developmentRegion = en;
			hasScannedForEncodings = 0;
			knownRegions = (
				en,
				Base,
				"zh-Hans",
				"en-GB",
				"en-AU",
				"en-IN",
			);
			mainGroup = 404D33A223995F94000E0652;
			productRefGroup = 404D33AC23995F94000E0652 /* Products */;
			projectDirPath = "";
			projectRoot = "";
			targets = (
				404D33AA23995F94000E0652 /* AFWKWebView */,
			);
		};
/* End PBXProject section */

/* Begin PBXResourcesBuildPhase section */
		404D33A923995F94000E0652 /* Resources */ = {
			isa = PBXResourcesBuildPhase;
			buildActionMask = 2147483647;
			files = (
				404D33BB23995F96000E0652 /* LaunchScreen.storyboard in Resources */,
				404D33B823995F96000E0652 /* Assets.xcassets in Resources */,
				27CF599125C0421E00F83297 /* backItemImage@2x.png in Resources */,
				27CF599325C0421E00F83297 /* WKJSPOST.html in Resources */,
				27CF59D025C54D7D00F83297 /* BAKit_WebView.bundle in Resources */,
				277C815A25C6F0DE00CC110B /* Localizable.strings in Resources */,
				404D33B623995F94000E0652 /* Main.storyboard in Resources */,
				27CF599025C0421E00F83297 /* backItemImage_hl@2x.png in Resources */,
			);
			runOnlyForDeploymentPostprocessing = 0;
		};
/* End PBXResourcesBuildPhase section */

/* Begin PBXSourcesBuildPhase section */
		404D33A723995F94000E0652 /* Sources */ = {
			isa = PBXSourcesBuildPhase;
			buildActionMask = 2147483647;
			files = (
				404D33B323995F94000E0652 /* NetworkDetectController.m in Sources */,
				27CF59D225C54D7D00F83297 /* UIAlertController+BAKit.m in Sources */,
				27CF59D825C54D7D00F83297 /* WKWebView+BAJavaScriptAlert.m in Sources */,
				27CF59AC25C1945B00F83297 /* LDSimplePing.m in Sources */,
				27CF59B525C19A6A00F83297 /* BaseNavigationController.m in Sources */,
				27CF59D325C54D7D00F83297 /* NSMutableAttributedString+BAKit.m in Sources */,
				27CF59AE25C1945B00F83297 /* LDNetGetAddress.m in Sources */,
				27CF59D425C54D7D00F83297 /* BAWebViewController.m in Sources */,
				404D33BE23995F96000E0652 /* main.m in Sources */,
				27CF59D625C54D7D00F83297 /* WeakScriptMessageDelegate.m in Sources */,
				404D33B023995F94000E0652 /* AppDelegate.m in Sources */,
				27CF599225C0421E00F83297 /* WKWebViewController.m in Sources */,
				27CF59AD25C1945B00F83297 /* LDNetPing.m in Sources */,
				27CF59AA25C1945B00F83297 /* LDNetTraceRoute.m in Sources */,
				27CF59D125C54D7D00F83297 /* NSObject+BARunTime.m in Sources */,
				27CF59D525C54D7D00F83297 /* WKWebView+BAKit.m in Sources */,
				27CF598925C03F8100F83297 /* WMDragView.m in Sources */,
				27CF59B025C1945B00F83297 /* LDNetConnect.m in Sources */,
				27CF59AF25C1945B00F83297 /* LDNetDiagnoService.m in Sources */,
				27CF59AB25C1945B00F83297 /* LDNetTimer.m in Sources */,
				27CF59D725C54D7D00F83297 /* WKWebView+Post.m in Sources */,
			);
			runOnlyForDeploymentPostprocessing = 0;
		};
/* End PBXSourcesBuildPhase section */

/* Begin PBXVariantGroup section */
		277C815C25C6F0DE00CC110B /* Localizable.strings */ = {
			isa = PBXVariantGroup;
			children = (
				277C815B25C6F0DE00CC110B /* en */,
				277C815F25C6F12700CC110B /* zh-Hans */,
				277C816225C6F67400CC110B /* en-GB */,
				277C816525C6F67C00CC110B /* en-AU */,
				277C816825C6F68000CC110B /* en-IN */,
			);
			name = Localizable.strings;
			sourceTree = "<group>";
		};
		404D33B423995F94000E0652 /* Main.storyboard */ = {
			isa = PBXVariantGroup;
			children = (
				404D33B523995F94000E0652 /* Base */,
				277C815D25C6F12700CC110B /* zh-Hans */,
				277C816025C6F67400CC110B /* en-GB */,
				277C816325C6F67C00CC110B /* en-AU */,
				277C816625C6F68000CC110B /* en-IN */,
			);
			name = Main.storyboard;
			sourceTree = "<group>";
		};
		404D33B923995F96000E0652 /* LaunchScreen.storyboard */ = {
			isa = PBXVariantGroup;
			children = (
				404D33BA23995F96000E0652 /* Base */,
				277C815E25C6F12700CC110B /* zh-Hans */,
				277C816125C6F67400CC110B /* en-GB */,
				277C816425C6F67C00CC110B /* en-AU */,
				277C816725C6F68000CC110B /* en-IN */,
			);
			name = LaunchScreen.storyboard;
			sourceTree = "<group>";
		};
/* End PBXVariantGroup section */

/* Begin XCBuildConfiguration section */
		404D33BF23995F96000E0652 /* Debug */ = {
			isa = XCBuildConfiguration;
			buildSettings = {
				ALWAYS_SEARCH_USER_PATHS = NO;
				CLANG_ANALYZER_LOCALIZABILITY_NONLOCALIZED = YES;
				CLANG_ANALYZER_NONNULL = YES;
				CLANG_ANALYZER_NUMBER_OBJECT_CONVERSION = YES_AGGRESSIVE;
				CLANG_CXX_LANGUAGE_STANDARD = "gnu++14";
				CLANG_CXX_LIBRARY = "libc++";
				CLANG_ENABLE_MODULES = YES;
				CLANG_ENABLE_OBJC_ARC = YES;
				CLANG_ENABLE_OBJC_WEAK = YES;
				CLANG_WARN_BLOCK_CAPTURE_AUTORELEASING = YES;
				CLANG_WARN_BOOL_CONVERSION = YES;
				CLANG_WARN_COMMA = YES;
				CLANG_WARN_CONSTANT_CONVERSION = YES;
				CLANG_WARN_DEPRECATED_OBJC_IMPLEMENTATIONS = YES;
				CLANG_WARN_DIRECT_OBJC_ISA_USAGE = YES_ERROR;
				CLANG_WARN_DOCUMENTATION_COMMENTS = YES;
				CLANG_WARN_EMPTY_BODY = YES;
				CLANG_WARN_ENUM_CONVERSION = YES;
				CLANG_WARN_INFINITE_RECURSION = YES;
				CLANG_WARN_INT_CONVERSION = YES;
				CLANG_WARN_NON_LITERAL_NULL_CONVERSION = YES;
				CLANG_WARN_OBJC_IMPLICIT_RETAIN_SELF = YES;
				CLANG_WARN_OBJC_LITERAL_CONVERSION = YES;
				CLANG_WARN_OBJC_ROOT_CLASS = YES_ERROR;
				CLANG_WARN_RANGE_LOOP_ANALYSIS = YES;
				CLANG_WARN_STRICT_PROTOTYPES = YES;
				CLANG_WARN_SUSPICIOUS_MOVE = YES;
				CLANG_WARN_UNGUARDED_AVAILABILITY = YES_AGGRESSIVE;
				CLANG_WARN_UNREACHABLE_CODE = YES;
				CLANG_WARN__DUPLICATE_METHOD_MATCH = YES;
				CODE_SIGN_IDENTITY = "iPhone Developer";
				COPY_PHASE_STRIP = NO;
				DEBUG_INFORMATION_FORMAT = dwarf;
				ENABLE_STRICT_OBJC_MSGSEND = YES;
				ENABLE_TESTABILITY = YES;
				GCC_C_LANGUAGE_STANDARD = gnu11;
				GCC_DYNAMIC_NO_PIC = NO;
				GCC_NO_COMMON_BLOCKS = YES;
				GCC_OPTIMIZATION_LEVEL = 0;
				GCC_PREPROCESSOR_DEFINITIONS = (
					"DEBUG=1",
					"$(inherited)",
				);
				GCC_WARN_64_TO_32_BIT_CONVERSION = YES;
				GCC_WARN_ABOUT_RETURN_TYPE = YES_ERROR;
				GCC_WARN_UNDECLARED_SELECTOR = YES;
				GCC_WARN_UNINITIALIZED_AUTOS = YES_AGGRESSIVE;
				GCC_WARN_UNUSED_FUNCTION = YES;
				GCC_WARN_UNUSED_VARIABLE = YES;
				IPHONEOS_DEPLOYMENT_TARGET = 10.0;
				MTL_ENABLE_DEBUG_INFO = INCLUDE_SOURCE;
				MTL_FAST_MATH = YES;
				ONLY_ACTIVE_ARCH = YES;
				SDKROOT = iphoneos;
			};
			name = Debug;
		};
		404D33C023995F96000E0652 /* Release */ = {
			isa = XCBuildConfiguration;
			buildSettings = {
				ALWAYS_SEARCH_USER_PATHS = NO;
				CLANG_ANALYZER_LOCALIZABILITY_NONLOCALIZED = YES;
				CLANG_ANALYZER_NONNULL = YES;
				CLANG_ANALYZER_NUMBER_OBJECT_CONVERSION = YES_AGGRESSIVE;
				CLANG_CXX_LANGUAGE_STANDARD = "gnu++14";
				CLANG_CXX_LIBRARY = "libc++";
				CLANG_ENABLE_MODULES = YES;
				CLANG_ENABLE_OBJC_ARC = YES;
				CLANG_ENABLE_OBJC_WEAK = YES;
				CLANG_WARN_BLOCK_CAPTURE_AUTORELEASING = YES;
				CLANG_WARN_BOOL_CONVERSION = YES;
				CLANG_WARN_COMMA = YES;
				CLANG_WARN_CONSTANT_CONVERSION = YES;
				CLANG_WARN_DEPRECATED_OBJC_IMPLEMENTATIONS = YES;
				CLANG_WARN_DIRECT_OBJC_ISA_USAGE = YES_ERROR;
				CLANG_WARN_DOCUMENTATION_COMMENTS = YES;
				CLANG_WARN_EMPTY_BODY = YES;
				CLANG_WARN_ENUM_CONVERSION = YES;
				CLANG_WARN_INFINITE_RECURSION = YES;
				CLANG_WARN_INT_CONVERSION = YES;
				CLANG_WARN_NON_LITERAL_NULL_CONVERSION = YES;
				CLANG_WARN_OBJC_IMPLICIT_RETAIN_SELF = YES;
				CLANG_WARN_OBJC_LITERAL_CONVERSION = YES;
				CLANG_WARN_OBJC_ROOT_CLASS = YES_ERROR;
				CLANG_WARN_RANGE_LOOP_ANALYSIS = YES;
				CLANG_WARN_STRICT_PROTOTYPES = YES;
				CLANG_WARN_SUSPICIOUS_MOVE = YES;
				CLANG_WARN_UNGUARDED_AVAILABILITY = YES_AGGRESSIVE;
				CLANG_WARN_UNREACHABLE_CODE = YES;
				CLANG_WARN__DUPLICATE_METHOD_MATCH = YES;
				CODE_SIGN_IDENTITY = "iPhone Developer";
				COPY_PHASE_STRIP = NO;
				DEBUG_INFORMATION_FORMAT = "dwarf-with-dsym";
				ENABLE_NS_ASSERTIONS = NO;
				ENABLE_STRICT_OBJC_MSGSEND = YES;
				GCC_C_LANGUAGE_STANDARD = gnu11;
				GCC_NO_COMMON_BLOCKS = YES;
				GCC_WARN_64_TO_32_BIT_CONVERSION = YES;
				GCC_WARN_ABOUT_RETURN_TYPE = YES_ERROR;
				GCC_WARN_UNDECLARED_SELECTOR = YES;
				GCC_WARN_UNINITIALIZED_AUTOS = YES_AGGRESSIVE;
				GCC_WARN_UNUSED_FUNCTION = YES;
				GCC_WARN_UNUSED_VARIABLE = YES;
				IPHONEOS_DEPLOYMENT_TARGET = 10.0;
				MTL_ENABLE_DEBUG_INFO = NO;
				MTL_FAST_MATH = YES;
				SDKROOT = iphoneos;
				VALIDATE_PRODUCT = YES;
			};
			name = Release;
		};
		404D33C223995F96000E0652 /* Debug */ = {
			isa = XCBuildConfiguration;
			buildSettings = {
				ASSETCATALOG_COMPILER_APPICON_NAME = AppIcon;
				ASSETCATALOG_COMPILER_LAUNCHIMAGE_NAME = LaunchImage;
				CODE_SIGN_STYLE = Automatic;
				DEVELOPMENT_TEAM = ZR2G99589F;
				GCC_PREFIX_HEADER = "$(SRCROOT)/AFWKWebView/PrefixHeader.pch";
				INFOPLIST_FILE = AFWKWebView/Info.plist;
				IPHONEOS_DEPLOYMENT_TARGET = 10.0;
				LD_RUNPATH_SEARCH_PATHS = (
					"$(inherited)",
					"@executable_path/Frameworks",
				);
				MARKETING_VERSION = 1.0.7;
				PRODUCT_BUNDLE_IDENTIFIER = com.fh.WebNetworkDetect;
				PRODUCT_NAME = Sikkimbet;
				TARGETED_DEVICE_FAMILY = "1,2";
			};
			name = Debug;
		};
		404D33C323995F96000E0652 /* Release */ = {
			isa = XCBuildConfiguration;
			buildSettings = {
				ASSETCATALOG_COMPILER_APPICON_NAME = AppIcon;
				ASSETCATALOG_COMPILER_LAUNCHIMAGE_NAME = LaunchImage;
				CODE_SIGN_STYLE = Automatic;
				DEVELOPMENT_TEAM = ZR2G99589F;
				GCC_PREFIX_HEADER = "$(SRCROOT)/AFWKWebView/PrefixHeader.pch";
				INFOPLIST_FILE = AFWKWebView/Info.plist;
				IPHONEOS_DEPLOYMENT_TARGET = 10.0;
				LD_RUNPATH_SEARCH_PATHS = (
					"$(inherited)",
					"@executable_path/Frameworks",
				);
				MARKETING_VERSION = 1.0.7;
				PRODUCT_BUNDLE_IDENTIFIER = com.fh.WebNetworkDetect;
				PRODUCT_NAME = Sikkimbet;
				TARGETED_DEVICE_FAMILY = "1,2";
			};
			name = Release;
		};
/* End XCBuildConfiguration section */

/* Begin XCConfigurationList section */
		404D33A623995F94000E0652 /* Build configuration list for PBXProject "AFWKWebView" */ = {
			isa = XCConfigurationList;
			buildConfigurations = (
				404D33BF23995F96000E0652 /* Debug */,
				404D33C023995F96000E0652 /* Release */,
			);
			defaultConfigurationIsVisible = 0;
			defaultConfigurationName = Release;
		};
		404D33C123995F96000E0652 /* Build configuration list for PBXNativeTarget "AFWKWebView" */ = {
			isa = XCConfigurationList;
			buildConfigurations = (
				404D33C223995F96000E0652 /* Debug */,
				404D33C323995F96000E0652 /* Release */,
			);
			defaultConfigurationIsVisible = 0;
			defaultConfigurationName = Release;
		};
/* End XCConfigurationList section */
	};
	rootObject = 404D33A323995F94000E0652 /* Project object */;
}
